PODS:
  - NativeScriptEmbedding (8.4.1)
  - NativeScriptUI (0.1.1)

DEPENDENCIES:
  - NativeScriptEmbedding (= 8.4.1)
  - NativeScriptUI

SPEC REPOS:
  trunk:
    - NativeScriptEmbedding
    - NativeScriptUI

SPEC CHECKSUMS:
  NativeScriptEmbedding: c0bf30d3d0dbcf2ad1f1ba724a9ebf52305a4e22
  NativeScriptUI: f825b88da6cd04f435f18f1eeda67a0c4e5a822c

PODFILE CHECKSUM: 3e3243ded64bfb4e4849aed4d111ddf34250b9bb

COCOAPODS: 1.11.3
